Microsoft Visual Studio Solution File, Format Version 12.00
# Visual Studio Version 17
VisualStudioVersion = 17.5.2.0
MinimumVisualStudioVersion = 10.0.40219.1
Project("{FAE04EC0-301F-11D3-BF4B-00C04F79EFBC}") = "Mahirl-and-Alphabets-and-Vowels", "Mahirl-and-Alphabets-and-Vowels\Mahirl-and-Alphabets-and-Vowels.csproj", "{2EC55BE1-7D17-57B3-482B-52AA2839658A}"
EndProject
Global
	GlobalSection(SolutionConfigurationPlatforms) = preSolution
		Debug|Any CPU = Debug|Any CPU
		Release|Any CPU = Release|Any CPU
	EndGlobalSection
	GlobalSection(ProjectConfigurationPlatforms) = postSolution
		{2EC55BE1-7D17-57B3-482B-52AA2839658A}.Debug|Any CPU.ActiveCfg = Debug|Any CPU
		{2EC55BE1-7D17-57B3-482B-52AA2839658A}.Debug|Any CPU.Build.0 = Debug|Any CPU
		{2EC55BE1-7D17-57B3-482B-52AA2839658A}.Release|Any CPU.ActiveCfg = Release|Any CPU
		{2EC55BE1-7D17-57B3-482B-52AA2839658A}.Release|Any CPU.Build.0 = Release|Any CPU
	EndGlobalSection
	GlobalSection(SolutionProperties) = preSolution
		HideSolutionNode = FALSE
	EndGlobalSection
	GlobalSection(ExtensibilityGlobals) = postSolution
		SolutionGuid = {3E7FFAB2-B46C-4809-BCEC-718ED7DD73FF}
	EndGlobalSection
EndGlobal
