<Solution>
  <Folder Name="/NotificationService/">
    <Project Path="NotificationService/NotificationService.API/NotificationService.API.csproj" />
    <Project Path="NotificationService/NotificationService.Application/NotificationService.Application.csproj" />
    <Project Path="NotificationService/NotificationService.Domain/NotificationService.Domain.csproj" />
    <Project Path="NotificationService/NotificationService.Infrastructure/NotificationService.Infrastructure.csproj" />
    <Project Path="NotificationService/NotificationService.Tests/NotificationService.Tests.csproj" />
  </Folder>
  <Folder Name="/OrderService/">
    <Project Path="OrderService/OrderService.API/OrderService.API.csproj" />
    <Project Path="OrderService/OrderService.Application/OrderService.Application.csproj" />
    <Project Path="OrderService/OrderService.Domain/OrderService.Domain.csproj" />
    <Project Path="OrderService/OrderService.Infrastructure/OrderService.Infrastructure.csproj" />
    <Project Path="OrderService/OrderService.Tests/OrderService.Tests.csproj" />
  </Folder>
  <Folder Name="/PaymentService/">
    <Project Path="PaymentService/PaymentService.API/PaymentService.API.csproj" />
    <Project Path="PaymentService/PaymentService.Application/PaymentService.Application.csproj" />
    <Project Path="PaymentService/PaymentService.Domain/PaymentService.Domain.csproj" />
    <Project Path="PaymentService/PaymentService.Infrastructure/PaymentService.Infrastructure.csproj" />
    <Project Path="PaymentService/PaymentService.Tests/PaymentService.Tests.csproj" />
  </Folder>
  <Folder Name="/ProductService/">
    <Project Path="ProductService/ProductService.API/ProductService.API.csproj" />
    <Project Path="ProductService/ProductService.Application/ProductService.Application.csproj" />
    <Project Path="ProductService/ProductService.Domain/ProductService.Domain.csproj" />
    <Project Path="ProductService/ProductService.Infrastructure/ProductService.Infrastructure.csproj" />
    <Project Path="ProductService/ProductService.Tests/ProductService.Tests.csproj" />
  </Folder>
  <Folder Name="/UserService/">
    <Project Path="UserService/UserService.API/UserService.API.csproj" />
    <Project Path="UserService/UserService.Application/UserService.Application.csproj" />
    <Project Path="UserService/UserService.Domain/UserService.Domain.csproj" />
    <Project Path="UserService/UserService.Infrastructure/UserService.Infrastructure.csproj" />
    <Project Path="UserService/UserService.Tests/UserService.Tests.csproj" />
  </Folder>
</Solution>
